
Microsoft Visual Studio Solution File, Format Version 12.00
# Visual Studio Version 16
VisualStudioVersion = 16.0.30406.217
MinimumVisualStudioVersion = 10.0.40219.1
Project("{FAE04EC0-301F-11D3-BF4B-00C04F79EFBC}") = "TypeRegister", "TypeRegister\TypeRegister.csproj", "{17128F75-6F25-4751-BA0F-5B213C4D8EDC}"
EndProject
Global
	GlobalSection(SolutionConfigurationPlatforms) = preSolution
		Debug|x64 = Debug|x64
		Debug|x86 = Debug|x86
		Release|x64 = Release|x64
		Release|x86 = Release|x86
	EndGlobalSection
	GlobalSection(ProjectConfigurationPlatforms) = postSolution
		{17128F75-6F25-4751-BA0F-5B213C4D8EDC}.Debug|x64.ActiveCfg = Debug|x64
		{17128F75-6F25-4751-BA0F-5B213C4D8EDC}.Debug|x64.Build.0 = Debug|x64
		{17128F75-6F25-4751-BA0F-5B213C4D8EDC}.Debug|x86.ActiveCfg = Debug|x86
		{17128F75-6F25-4751-BA0F-5B213C4D8EDC}.Debug|x86.Build.0 = Debug|x86
		{17128F75-6F25-4751-BA0F-5B213C4D8EDC}.Release|x64.ActiveCfg = Release|x64
		{17128F75-6F25-4751-BA0F-5B213C4D8EDC}.Release|x64.Build.0 = Release|x64
		{17128F75-6F25-4751-BA0F-5B213C4D8EDC}.Release|x86.ActiveCfg = Release|x86
		{17128F75-6F25-4751-BA0F-5B213C4D8EDC}.Release|x86.Build.0 = Release|x86
	EndGlobalSection
	GlobalSection(SolutionProperties) = preSolution
		HideSolutionNode = FALSE
	EndGlobalSection
	GlobalSection(ExtensibilityGlobals) = postSolution
		SolutionGuid = {9CB11AA9-0157-494B-847D-0441EABF84A5}
	EndGlobalSection
EndGlobal
